
Microsoft Visual Studio Solution File, Format Version 12.00
# Visual Studio 15
VisualStudioVersion = 15.0.27703.2026
MinimumVisualStudioVersion = 10.0.40219.1
Project("{9A19103F-16F7-4668-BE54-9A1E7A4F7556}") = "CoreConsoleApp", "CoreConsoleApp\CoreConsoleApp.csproj", "{5C3EEC74-87EA-427B-865F-B68A500400E0}"
EndProject
Project("{9A19103F-16F7-4668-BE54-9A1E7A4F7556}") = "CoreAspNet", "CoreAspNet\CoreAspNet.csproj", "{BF524D78-D2F5-49D8-81D0-34D3F5081B59}"
EndProject
Global
	GlobalSection(SolutionConfigurationPlatforms) = preSolution
		Debug|Any CPU = Debug|Any CPU
		Release|Any CPU = Release|Any CPU
	EndGlobalSection
	GlobalSection(ProjectConfigurationPlatforms) = postSolution
		{5C3EEC74-87EA-427B-865F-B68A500400E0}.Debug|Any CPU.ActiveCfg = Debug|Any CPU
		{5C3EEC74-87EA-427B-865F-B68A500400E0}.Debug|Any CPU.Build.0 = Debug|Any CPU
		{5C3EEC74-87EA-427B-865F-B68A500400E0}.Release|Any CPU.ActiveCfg = Release|Any CPU
		{5C3EEC74-87EA-427B-865F-B68A500400E0}.Release|Any CPU.Build.0 = Release|Any CPU
		{BF524D78-D2F5-49D8-81D0-34D3F5081B59}.Debug|Any CPU.ActiveCfg = Debug|Any CPU
		{BF524D78-D2F5-49D8-81D0-34D3F5081B59}.Debug|Any CPU.Build.0 = Debug|Any CPU
		{BF524D78-D2F5-49D8-81D0-34D3F5081B59}.Release|Any CPU.ActiveCfg = Release|Any CPU
		{BF524D78-D2F5-49D8-81D0-34D3F5081B59}.Release|Any CPU.Build.0 = Release|Any CPU
	EndGlobalSection
	GlobalSection(SolutionProperties) = preSolution
		HideSolutionNode = FALSE
	EndGlobalSection
	GlobalSection(ExtensibilityGlobals) = postSolution
		SolutionGuid = {E115F727-D087-4A1C-B486-D10F1DD8BEBD}
	EndGlobalSection
EndGlobal
